
Microsoft Visual Studio Solution File, Format Version 12.00
# Visual Studio Version 16
VisualStudioVersion = 16.0.30104.148
MinimumVisualStudioVersion = 10.0.40219.1
Project("{2150E333-8FDC-42A3-9474-1A3956D46DE8}") = "Sample.Cluster.RoundRobinCore", "Sample.Cluster.RoundRobinCore", "{38B5102F-097E-40C5-A5D4-255513918553}"
EndProject
Project("{9A19103F-16F7-4668-BE54-9A1E7A4F7556}") = "Samples.Cluster.RoundRobinCore", "Samples.Cluster.RoundRobinCore\Samples.Cluster.RoundRobinCore.csproj", "{43032D1E-D47E-40E9-96B6-A2EB123AE3F2}"
EndProject
Global
	GlobalSection(SolutionConfigurationPlatforms) = preSolution
		Debug|Any CPU = Debug|Any CPU
		Release|Any CPU = Release|Any CPU
	EndGlobalSection
	GlobalSection(ProjectConfigurationPlatforms) = postSolution
		{43032D1E-D47E-40E9-96B6-A2EB123AE3F2}.Debug|Any CPU.ActiveCfg = Debug|Any CPU
		{43032D1E-D47E-40E9-96B6-A2EB123AE3F2}.Debug|Any CPU.Build.0 = Debug|Any CPU
		{43032D1E-D47E-40E9-96B6-A2EB123AE3F2}.Release|Any CPU.ActiveCfg = Release|Any CPU
		{43032D1E-D47E-40E9-96B6-A2EB123AE3F2}.Release|Any CPU.Build.0 = Release|Any CPU
	EndGlobalSection
	GlobalSection(SolutionProperties) = preSolution
		HideSolutionNode = FALSE
	EndGlobalSection
	GlobalSection(NestedProjects) = preSolution
		{43032D1E-D47E-40E9-96B6-A2EB123AE3F2} = {38B5102F-097E-40C5-A5D4-255513918553}
	EndGlobalSection
	GlobalSection(ExtensibilityGlobals) = postSolution
		SolutionGuid = {EAF904A9-273D-4FF5-B28A-FD2905447880}
	EndGlobalSection
EndGlobal
