
Microsoft Visual Studio Solution File, Format Version 12.00
# Visual Studio Version 16
VisualStudioVersion = 16.0.30104.148
MinimumVisualStudioVersion = 10.0.40219.1
Project("{2150E333-8FDC-42A3-9474-1A3956D46DE8}") = "Sample.Cluster.RoundRobinCore", "Sample.Cluster.RoundRobinCore", "{38B5102F-097E-40C5-A5D4-255513918553}"
EndProject
Project("{9A19103F-16F7-4668-BE54-9A1E7A4F7556}") = "Samples.Cluster.RoundRobinCore", "Samples.Cluster.RoundRobinCore\Samples.Cluster.RoundRobinCore.csproj", "{43032D1E-D47E-40E9-96B6-A2EB123AE3F2}"
EndProject
Project("{2150E333-8FDC-42A3-9474-1A3956D46DE8}") = "Akka.Remote", "Akka.Remote", "{04E85620-A241-43C7-BED0-11C26FD0C618}"
EndProject
Project("{2150E333-8FDC-42A3-9474-1A3956D46DE8}") = "Akka.Cluster", "Akka.Cluster", "{5CBE5586-D4AC-4385-9DAC-28F1D8B4AA49}"
EndProject
Project("{9A19103F-16F7-4668-BE54-9A1E7A4F7556}") = "Akka.Cluster.Messages", "Akka.Cluster\Akka.Cluster.Messages\Akka.Cluster.Messages.csproj", "{0E1419B9-043E-4437-A0E0-147C22DDC2FF}"
EndProject
Project("{9A19103F-16F7-4668-BE54-9A1E7A4F7556}") = "Akka.Cluster.Actors", "Akka.Cluster\Akka.Cluster.Actors\Akka.Cluster.Actors.csproj", "{50486EDB-3866-4A92-905F-475BF28E1F98}"
EndProject
Project("{9A19103F-16F7-4668-BE54-9A1E7A4F7556}") = "Akka.Cluster.BackendLauncher", "Akka.Cluster\Akka.Cluster.BackendLauncher\Akka.Cluster.BackendLauncher.csproj", "{08DCAA34-D5D9-4AFB-A62C-AA4494E4AFA6}"
EndProject
Project("{9A19103F-16F7-4668-BE54-9A1E7A4F7556}") = "Akka.Cluster.FrontendLauncher", "Akka.Cluster\Akka.Cluster.FrontendLauncher\Akka.Cluster.FrontendLauncher.csproj", "{E97E359D-485B-4606-81D3-8C1CE01B2608}"
EndProject
Project("{9A19103F-16F7-4668-BE54-9A1E7A4F7556}") = "Akka.Cluster.RouterLauncher", "Akka.Cluster\Akka.Cluster.RouterLauncher\Akka.Cluster.RouterLauncher.csproj", "{D1B4C35B-62F4-49B2-A88A-B5B927BE85C7}"
EndProject
Project("{9A19103F-16F7-4668-BE54-9A1E7A4F7556}") = "Akka.Cluster.SeedNodeLauncher", "Akka.Cluster\SeedNodeLauncher\Akka.Cluster.SeedNodeLauncher.csproj", "{0D80459A-9563-4235-A077-59A743E7D1AE}"
EndProject
Project("{9A19103F-16F7-4668-BE54-9A1E7A4F7556}") = "Messages", "Akka.Remote\Message\Messages.csproj", "{E1A8C6A0-2232-4EDE-AF53-D60F5E3B78D1}"
EndProject
Project("{9A19103F-16F7-4668-BE54-9A1E7A4F7556}") = "Actors", "Akka.Remote\Actors\Actors.csproj", "{D824FC25-5779-468C-A657-C5E0A4F7D267}"
EndProject
Project("{9A19103F-16F7-4668-BE54-9A1E7A4F7556}") = "BrokerLauncher", "Akka.Remote\BrokerLauncher\BrokerLauncher.csproj", "{2967DF05-51C1-4179-8C8D-34DAECFED1B3}"
EndProject
Project("{9A19103F-16F7-4668-BE54-9A1E7A4F7556}") = "HostLauncher", "Akka.Remote\HostLauncher\HostLauncher.csproj", "{8E501F86-FA01-46CF-A535-3B9C209EB1BA}"
EndProject
Project("{2150E333-8FDC-42A3-9474-1A3956D46DE8}") = "Akka.Persistence", "Akka.Persistence", "{5CE03566-1E39-4A80-8E60-4C4D56755775}"
EndProject
Project("{9A19103F-16F7-4668-BE54-9A1E7A4F7556}") = "Akka.Persistence.Simple", "Akka.Persistence\Akka.Persistence.Simple\Akka.Persistence.Simple.csproj", "{272F2DF1-7994-414F-878F-41C517D31CEF}"
EndProject
Global
	GlobalSection(SolutionConfigurationPlatforms) = preSolution
		Debug|Any CPU = Debug|Any CPU
		Release|Any CPU = Release|Any CPU
	EndGlobalSection
	GlobalSection(ProjectConfigurationPlatforms) = postSolution
		{43032D1E-D47E-40E9-96B6-A2EB123AE3F2}.Debug|Any CPU.ActiveCfg = Debug|Any CPU
		{43032D1E-D47E-40E9-96B6-A2EB123AE3F2}.Debug|Any CPU.Build.0 = Debug|Any CPU
		{43032D1E-D47E-40E9-96B6-A2EB123AE3F2}.Release|Any CPU.ActiveCfg = Release|Any CPU
		{43032D1E-D47E-40E9-96B6-A2EB123AE3F2}.Release|Any CPU.Build.0 = Release|Any CPU
		{0E1419B9-043E-4437-A0E0-147C22DDC2FF}.Debug|Any CPU.ActiveCfg = Debug|Any CPU
		{0E1419B9-043E-4437-A0E0-147C22DDC2FF}.Debug|Any CPU.Build.0 = Debug|Any CPU
		{0E1419B9-043E-4437-A0E0-147C22DDC2FF}.Release|Any CPU.ActiveCfg = Release|Any CPU
		{0E1419B9-043E-4437-A0E0-147C22DDC2FF}.Release|Any CPU.Build.0 = Release|Any CPU
		{50486EDB-3866-4A92-905F-475BF28E1F98}.Debug|Any CPU.ActiveCfg = Debug|Any CPU
		{50486EDB-3866-4A92-905F-475BF28E1F98}.Debug|Any CPU.Build.0 = Debug|Any CPU
		{50486EDB-3866-4A92-905F-475BF28E1F98}.Release|Any CPU.ActiveCfg = Release|Any CPU
		{50486EDB-3866-4A92-905F-475BF28E1F98}.Release|Any CPU.Build.0 = Release|Any CPU
		{08DCAA34-D5D9-4AFB-A62C-AA4494E4AFA6}.Debug|Any CPU.ActiveCfg = Debug|Any CPU
		{08DCAA34-D5D9-4AFB-A62C-AA4494E4AFA6}.Debug|Any CPU.Build.0 = Debug|Any CPU
		{08DCAA34-D5D9-4AFB-A62C-AA4494E4AFA6}.Release|Any CPU.ActiveCfg = Release|Any CPU
		{08DCAA34-D5D9-4AFB-A62C-AA4494E4AFA6}.Release|Any CPU.Build.0 = Release|Any CPU
		{E97E359D-485B-4606-81D3-8C1CE01B2608}.Debug|Any CPU.ActiveCfg = Debug|Any CPU
		{E97E359D-485B-4606-81D3-8C1CE01B2608}.Debug|Any CPU.Build.0 = Debug|Any CPU
		{E97E359D-485B-4606-81D3-8C1CE01B2608}.Release|Any CPU.ActiveCfg = Release|Any CPU
		{E97E359D-485B-4606-81D3-8C1CE01B2608}.Release|Any CPU.Build.0 = Release|Any CPU
		{D1B4C35B-62F4-49B2-A88A-B5B927BE85C7}.Debug|Any CPU.ActiveCfg = Debug|Any CPU
		{D1B4C35B-62F4-49B2-A88A-B5B927BE85C7}.Debug|Any CPU.Build.0 = Debug|Any CPU
		{D1B4C35B-62F4-49B2-A88A-B5B927BE85C7}.Release|Any CPU.ActiveCfg = Release|Any CPU
		{D1B4C35B-62F4-49B2-A88A-B5B927BE85C7}.Release|Any CPU.Build.0 = Release|Any CPU
		{0D80459A-9563-4235-A077-59A743E7D1AE}.Debug|Any CPU.ActiveCfg = Debug|Any CPU
		{0D80459A-9563-4235-A077-59A743E7D1AE}.Debug|Any CPU.Build.0 = Debug|Any CPU
		{0D80459A-9563-4235-A077-59A743E7D1AE}.Release|Any CPU.ActiveCfg = Release|Any CPU
		{0D80459A-9563-4235-A077-59A743E7D1AE}.Release|Any CPU.Build.0 = Release|Any CPU
		{E1A8C6A0-2232-4EDE-AF53-D60F5E3B78D1}.Debug|Any CPU.ActiveCfg = Debug|Any CPU
		{E1A8C6A0-2232-4EDE-AF53-D60F5E3B78D1}.Debug|Any CPU.Build.0 = Debug|Any CPU
		{E1A8C6A0-2232-4EDE-AF53-D60F5E3B78D1}.Release|Any CPU.ActiveCfg = Release|Any CPU
		{E1A8C6A0-2232-4EDE-AF53-D60F5E3B78D1}.Release|Any CPU.Build.0 = Release|Any CPU
		{D824FC25-5779-468C-A657-C5E0A4F7D267}.Debug|Any CPU.ActiveCfg = Debug|Any CPU
		{D824FC25-5779-468C-A657-C5E0A4F7D267}.Debug|Any CPU.Build.0 = Debug|Any CPU
		{D824FC25-5779-468C-A657-C5E0A4F7D267}.Release|Any CPU.ActiveCfg = Release|Any CPU
		{D824FC25-5779-468C-A657-C5E0A4F7D267}.Release|Any CPU.Build.0 = Release|Any CPU
		{2967DF05-51C1-4179-8C8D-34DAECFED1B3}.Debug|Any CPU.ActiveCfg = Debug|Any CPU
		{2967DF05-51C1-4179-8C8D-34DAECFED1B3}.Debug|Any CPU.Build.0 = Debug|Any CPU
		{2967DF05-51C1-4179-8C8D-34DAECFED1B3}.Release|Any CPU.ActiveCfg = Release|Any CPU
		{2967DF05-51C1-4179-8C8D-34DAECFED1B3}.Release|Any CPU.Build.0 = Release|Any CPU
		{8E501F86-FA01-46CF-A535-3B9C209EB1BA}.Debug|Any CPU.ActiveCfg = Debug|Any CPU
		{8E501F86-FA01-46CF-A535-3B9C209EB1BA}.Debug|Any CPU.Build.0 = Debug|Any CPU
		{8E501F86-FA01-46CF-A535-3B9C209EB1BA}.Release|Any CPU.ActiveCfg = Release|Any CPU
		{8E501F86-FA01-46CF-A535-3B9C209EB1BA}.Release|Any CPU.Build.0 = Release|Any CPU
		{272F2DF1-7994-414F-878F-41C517D31CEF}.Debug|Any CPU.ActiveCfg = Debug|Any CPU
		{272F2DF1-7994-414F-878F-41C517D31CEF}.Debug|Any CPU.Build.0 = Debug|Any CPU
		{272F2DF1-7994-414F-878F-41C517D31CEF}.Release|Any CPU.ActiveCfg = Release|Any CPU
		{272F2DF1-7994-414F-878F-41C517D31CEF}.Release|Any CPU.Build.0 = Release|Any CPU
	EndGlobalSection
	GlobalSection(SolutionProperties) = preSolution
		HideSolutionNode = FALSE
	EndGlobalSection
	GlobalSection(NestedProjects) = preSolution
		{43032D1E-D47E-40E9-96B6-A2EB123AE3F2} = {38B5102F-097E-40C5-A5D4-255513918553}
		{0E1419B9-043E-4437-A0E0-147C22DDC2FF} = {5CBE5586-D4AC-4385-9DAC-28F1D8B4AA49}
		{50486EDB-3866-4A92-905F-475BF28E1F98} = {5CBE5586-D4AC-4385-9DAC-28F1D8B4AA49}
		{08DCAA34-D5D9-4AFB-A62C-AA4494E4AFA6} = {5CBE5586-D4AC-4385-9DAC-28F1D8B4AA49}
		{E97E359D-485B-4606-81D3-8C1CE01B2608} = {5CBE5586-D4AC-4385-9DAC-28F1D8B4AA49}
		{D1B4C35B-62F4-49B2-A88A-B5B927BE85C7} = {5CBE5586-D4AC-4385-9DAC-28F1D8B4AA49}
		{0D80459A-9563-4235-A077-59A743E7D1AE} = {5CBE5586-D4AC-4385-9DAC-28F1D8B4AA49}
		{E1A8C6A0-2232-4EDE-AF53-D60F5E3B78D1} = {04E85620-A241-43C7-BED0-11C26FD0C618}
		{D824FC25-5779-468C-A657-C5E0A4F7D267} = {04E85620-A241-43C7-BED0-11C26FD0C618}
		{2967DF05-51C1-4179-8C8D-34DAECFED1B3} = {04E85620-A241-43C7-BED0-11C26FD0C618}
		{8E501F86-FA01-46CF-A535-3B9C209EB1BA} = {04E85620-A241-43C7-BED0-11C26FD0C618}
		{272F2DF1-7994-414F-878F-41C517D31CEF} = {5CE03566-1E39-4A80-8E60-4C4D56755775}
	EndGlobalSection
	GlobalSection(ExtensibilityGlobals) = postSolution
		SolutionGuid = {EAF904A9-273D-4FF5-B28A-FD2905447880}
	EndGlobalSection
EndGlobal
